<?xml version="1.0" encoding="utf-8"?>
<Project xmlns="http://schemas.microsoft.com/developer/msbuild/2003">
  <ItemGroup>
    <Filter Include="Generated Files">
      <UniqueIdentifier>{71ED8ED8-ACB9-4CE9-BBE1-E00B30144E11}</UniqueIdentifier>
      <Extensions>cpp;c;cxx;moc;h;def;odl;idl;res;</Extensions>
    </Filter>
    <Filter Include="Generated Files">
      <UniqueIdentifier>{71ED8ED8-ACB9-4CE9-BBE1-E00B30144E11}</UniqueIdentifier>
      <Extensions>cpp;c;cxx;moc;h;def;odl;idl;res;</Extensions>
    </Filter>
    <Filter Include="Resource Files">
      <UniqueIdentifier>{D9D6E242-F8AF-46E4-B9FD-80ECBC20BA3E}</UniqueIdentifier>
      <Extensions>qrc;*</Extensions>
      <ParseFiles>false</ParseFiles>
    </Filter>
    <Filter Include="Resource Files">
      <UniqueIdentifier>{D9D6E242-F8AF-46E4-B9FD-80ECBC20BA3E}</UniqueIdentifier>
      <Extensions>qrc;*</Extensions>
      <ParseFiles>false</ParseFiles>
    </Filter>
    <Filter Include="Source Files">
      <UniqueIdentifier>{4FC737F1-C7A5-4376-A066-2A32D752A2FF}</UniqueIdentifier>
      <Extensions>cpp;c;cxx;def;odl;idl;hpj;bat;asm;asmx</Extensions>
    </Filter>
    <Filter Include="Source Files">
      <UniqueIdentifier>{4FC737F1-C7A5-4376-A066-2A32D752A2FF}</UniqueIdentifier>
      <Extensions>cpp;c;cxx;def;odl;idl;hpj;bat;asm;asmx</Extensions>
    </Filter>
  </ItemGroup>
  <ItemGroup>
    <ClCompile Include="main.cpp">
      <Filter>Source Files</Filter>
    </ClCompile>
  </ItemGroup>
  <ItemGroup>
    <None Include="pages\BusyIndicatorPage.qml">
      <Filter>Resource Files</Filter>
    </None>
    <None Include="pages\ButtonPage.qml">
      <Filter>Resource Files</Filter>
    </None>
    <None Include="pages\TodosPage.qml">
      <Filter>Resource Files</Filter>
    </None>
    <None Include="pages\ComboBoxPage.qml">
      <Filter>Resource Files</Filter>
    </None>
    <None Include="pages\DelayButtonPage.qml">
      <Filter>Resource Files</Filter>
    </None>
    <None Include="pages\DelegatePage.qml">
      <Filter>Resource Files</Filter>
    </None>
    <None Include="pages\DialogPage.qml">
      <Filter>Resource Files</Filter>
    </None>
    <None Include="pages\FramePage.qml">
      <Filter>Resource Files</Filter>
    </None>
    <None Include="pages\GroupBoxPage.qml">
      <Filter>Resource Files</Filter>
    </None>
    <None Include="pages\PageIndicatorPage.qml">
      <Filter>Resource Files</Filter>
    </None>
    <None Include="pages\ProgressBarPage.qml">
      <Filter>Resource Files</Filter>
    </None>
    <None Include="pages\RadioButtonPage.qml">
      <Filter>Resource Files</Filter>
    </None>
    <None Include="pages\RangeSliderPage.qml">
      <Filter>Resource Files</Filter>
    </None>
    <None Include="pages\ScrollBarPage.qml">
      <Filter>Resource Files</Filter>
    </None>
    <None Include="pages\ScrollIndicatorPage.qml">
      <Filter>Resource Files</Filter>
    </None>
    <None Include="pages\ScrollablePage.qml">
      <Filter>Resource Files</Filter>
    </None>
    <None Include="pages\SliderPage.qml">
      <Filter>Resource Files</Filter>
    </None>
    <None Include="pages\SpinBoxPage.qml">
      <Filter>Resource Files</Filter>
    </None>
    <None Include="pages\StackViewPage.qml">
      <Filter>Resource Files</Filter>
    </None>
    <None Include="pages\SwipeViewPage.qml">
      <Filter>Resource Files</Filter>
    </None>
    <None Include="pages\SwitchPage.qml">
      <Filter>Resource Files</Filter>
    </None>
    <None Include="pages\TabBarPage.qml">
      <Filter>Resource Files</Filter>
    </None>
    <None Include="pages\TextAreaPage.qml">
      <Filter>Resource Files</Filter>
    </None>
    <None Include="pages\TextFieldPage.qml">
      <Filter>Resource Files</Filter>
    </None>
    <None Include="+Material\ToolBar.qml">
      <Filter>Resource Files</Filter>
    </None>
    <None Include="ToolBar.qml">
      <Filter>Resource Files</Filter>
    </None>
    <None Include="pages\ToolTipPage.qml">
      <Filter>Resource Files</Filter>
    </None>
    <None Include="pages\TumblerPage.qml">
      <Filter>Resource Files</Filter>
    </None>
    <None Include="icons\gallery\index.theme">
      <Filter>Resource Files</Filter>
    </None>
    <None Include="main.qml">
      <Filter>Resource Files</Filter>
    </None>
    <QtRcc Include="qml.qrc">
      <Filter>Resource Files</Filter>
    </QtRcc>
    <None Include="pages\TemperatureControlPage.qml" />
    <None Include="qtquickcontrols2.conf" />
  </ItemGroup>
  <ItemGroup>
    <Image Include="icons\gallery\20x20\back.png" />
    <Image Include="icons\gallery\20x20\drawer.png" />
    <Image Include="icons\gallery\20x20\menu.png" />
    <Image Include="images\arrow%402x.png" />
    <Image Include="images\arrow%403x.png" />
    <Image Include="images\arrow%404x.png" />
    <Image Include="images\arrow.png" />
    <Image Include="images\arrows%402x.png" />
    <Image Include="images\arrows%403x.png" />
    <Image Include="images\arrows%404x.png" />
    <Image Include="images\arrows.png" />
    <Image Include="images\qt-logo%402x.png" />
    <Image Include="images\qt-logo%403x.png" />
    <Image Include="images\qt-logo%404x.png" />
    <Image Include="images\qt-logo.png" />
  </ItemGroup>
</Project>